// !$*UTF8*$!
{
	archiveVersion = 1;
	classes = {
	};
	objectVersion = 51;
	objects = {

/* Begin PBXBuildFile section */
		056262C0D082277771A3301B /* Pods_XVPNUITests.framework in Frameworks */ = {isa = PBXBuildFile; fileRef = 2D5C31CA5695912F95FAB881 /* Pods_XVPNUITests.framework */; };
		078D1ADFAF0DC4BBBD4011AA /* Pods_PacketTunnel.framework in Frameworks */ = {isa = PBXBuildFile; fileRef = 0436F9DA6D3740A2C3A3A6CB /* Pods_PacketTunnel.framework */; };
		A24F09A02307A51E00BD078B /* Proveder+Config.swift in Sources */ = {isa = PBXBuildFile; fileRef = A24F099F2307A51E00BD078B /* Proveder+Config.swift */; };
		AA0CA29B242B7ABA00D14612 /* PacketTunnelProvider+UDP.swift in Sources */ = {isa = PBXBuildFile; fileRef = AA0CA29A242B7ABA00D14612 /* PacketTunnelProvider+UDP.swift */; };
		AA35F07A2311084A0031EA2F /* AppProxyProvider.swift in Sources */ = {isa = PBXBuildFile; fileRef = AA35F0792311084A0031EA2F /* AppProxyProvider.swift */; };
		AA90F01822BC6FFD007B34D9 /* PacketTunnelProvider.swift in Sources */ = {isa = PBXBuildFile; fileRef = AA90F01722BC6FFD007B34D9 /* PacketTunnelProvider.swift */; };
		AA90F01D22BC6FFD007B34D9 /* PacketTunnel.appex in Embed App Extensions */ = {isa = PBXBuildFile; fileRef = AA90F01522BC6FFD007B34D9 /* PacketTunnel.appex */; settings = {ATTRIBUTES = (RemoveHeadersOnCopy, ); }; };
		AABE82F722BA06F1008210A1 /* AppDelegate.swift in Sources */ = {isa = PBXBuildFile; fileRef = AABE82F622BA06F1008210A1 /* AppDelegate.swift */; };
		AABE82F922BA06F1008210A1 /* ViewController.swift in Sources */ = {isa = PBXBuildFile; fileRef = AABE82F822BA06F1008210A1 /* ViewController.swift */; };
		AABE82FC22BA06F1008210A1 /* Main.storyboard in Resources */ = {isa = PBXBuildFile; fileRef = AABE82FA22BA06F1008210A1 /* Main.storyboard */; };
		AABE82FE22BA06F2008210A1 /* Assets.xcassets in Resources */ = {isa = PBXBuildFile; fileRef = AABE82FD22BA06F2008210A1 /* Assets.xcassets */; };
		AABE830122BA06F2008210A1 /* LaunchScreen.storyboard in Resources */ = {isa = PBXBuildFile; fileRef = AABE82FF22BA06F2008210A1 /* LaunchScreen.storyboard */; };
		AABE830C22BA06F2008210A1 /* XVPNTests.swift in Sources */ = {isa = PBXBuildFile; fileRef = AABE830B22BA06F2008210A1 /* XVPNTests.swift */; };
		AABE831722BA06F2008210A1 /* XVPNUITests.swift in Sources */ = {isa = PBXBuildFile; fileRef = AABE831622BA06F2008210A1 /* XVPNUITests.swift */; };
		AAEB911722BF7C0700583435 /* NetworkExtension.framework in Frameworks */ = {isa = PBXBuildFile; fileRef = AAEB911622BF7C0700583435 /* NetworkExtension.framework */; };
		AAEB911822BF7CFF00583435 /* NetworkExtension.framework in Frameworks */ = {isa = PBXBuildFile; fileRef = AAEB911622BF7C0700583435 /* NetworkExtension.framework */; };
		AB149728A0DE2FE9DDDB98E6 /* Pods_XVPNTests.framework in Frameworks */ = {isa = PBXBuildFile; fileRef = D8CA29B3A336183578043F8A /* Pods_XVPNTests.framework */; };
		B454F2DB2E2F98AD6B11626B /* Pods_XVPN.framework in Frameworks */ = {isa = PBXBuildFile; fileRef = 69D237B6C9CD724A0D2D4D14 /* Pods_XVPN.framework */; };
/* End PBXBuildFile section */

/* Begin PBXContainerItemProxy section */
		AA90F01B22BC6FFD007B34D9 /* PBXContainerItemProxy */ = {
			isa = PBXContainerItemProxy;
			containerPortal = AABE82EB22BA06F1008210A1 /* Project object */;
			proxyType = 1;
			remoteGlobalIDString = AA90F01422BC6FFD007B34D9;
			remoteInfo = PacketTunnel;
		};
		AABE830822BA06F2008210A1 /* PBXContainerItemProxy */ = {
			isa = PBXContainerItemProxy;
			containerPortal = AABE82EB22BA06F1008210A1 /* Project object */;
			proxyType = 1;
			remoteGlobalIDString = AABE82F222BA06F1008210A1;
			remoteInfo = XVPN;
		};
		AABE831322BA06F2008210A1 /* PBXContainerItemProxy */ = {
			isa = PBXContainerItemProxy;
			containerPortal = AABE82EB22BA06F1008210A1 /* Project object */;
			proxyType = 1;
			remoteGlobalIDString = AABE82F222BA06F1008210A1;
			remoteInfo = XVPN;
		};
/* End PBXContainerItemProxy section */

/* Begin PBXCopyFilesBuildPhase section */
		AABE833B22BA7314008210A1 /* Embed App Extensions */ = {
			isa = PBXCopyFilesBuildPhase;
			buildActionMask = 2147483647;
			dstPath = "";
			dstSubfolderSpec = 13;
			files = (
				AA90F01D22BC6FFD007B34D9 /* PacketTunnel.appex in Embed App Extensions */,
			);
			name = "Embed App Extensions";
			runOnlyForDeploymentPostprocessing = 0;
		};
/* End PBXCopyFilesBuildPhase section */

/* Begin PBXFileReference section */
		0436F9DA6D3740A2C3A3A6CB /* Pods_PacketTunnel.framework */ = {isa = PBXFileReference; explicitFileType = wrapper.framework; includeInIndex = 0; path = Pods_PacketTunnel.framework; sourceTree = BUILT_PRODUCTS_DIR; };
		1015B276422B19842400045A /* Pods-XVPNTests.debug.xcconfig */ = {isa = PBXFileReference; includeInIndex = 1; lastKnownFileType = text.xcconfig; name = "Pods-XVPNTests.debug.xcconfig"; path = "Target Support Files/Pods-XVPNTests/Pods-XVPNTests.debug.xcconfig"; sourceTree = "<group>"; };
		2A5B66D8DDB2FA54ED4DBD6B /* Pods-XVPNUITests.release.xcconfig */ = {isa = PBXFileReference; includeInIndex = 1; lastKnownFileType = text.xcconfig; name = "Pods-XVPNUITests.release.xcconfig"; path = "Target Support Files/Pods-XVPNUITests/Pods-XVPNUITests.release.xcconfig"; sourceTree = "<group>"; };
		2D5C31CA5695912F95FAB881 /* Pods_XVPNUITests.framework */ = {isa = PBXFileReference; explicitFileType = wrapper.framework; includeInIndex = 0; path = Pods_XVPNUITests.framework; sourceTree = BUILT_PRODUCTS_DIR; };
		6457D341FCF0890F2E722E7A /* Pods-XVPN.debug.xcconfig */ = {isa = PBXFileReference; includeInIndex = 1; lastKnownFileType = text.xcconfig; name = "Pods-XVPN.debug.xcconfig"; path = "Target Support Files/Pods-XVPN/Pods-XVPN.debug.xcconfig"; sourceTree = "<group>"; };
		69D237B6C9CD724A0D2D4D14 /* Pods_XVPN.framework */ = {isa = PBXFileReference; explicitFileType = wrapper.framework; includeInIndex = 0; path = Pods_XVPN.framework; sourceTree = BUILT_PRODUCTS_DIR; };
		7EB3D621F6398444FEB5DBCF /* Pods-PacketTunnel.debug.xcconfig */ = {isa = PBXFileReference; includeInIndex = 1; lastKnownFileType = text.xcconfig; name = "Pods-PacketTunnel.debug.xcconfig"; path = "Target Support Files/Pods-PacketTunnel/Pods-PacketTunnel.debug.xcconfig"; sourceTree = "<group>"; };
		A24F099F2307A51E00BD078B /* Proveder+Config.swift */ = {isa = PBXFileReference; lastKnownFileType = sourcecode.swift; path = "Proveder+Config.swift"; sourceTree = "<group>"; };
		AA0CA29A242B7ABA00D14612 /* PacketTunnelProvider+UDP.swift */ = {isa = PBXFileReference; lastKnownFileType = sourcecode.swift; path = "PacketTunnelProvider+UDP.swift"; sourceTree = "<group>"; };
		AA35F0792311084A0031EA2F /* AppProxyProvider.swift */ = {isa = PBXFileReference; lastKnownFileType = sourcecode.swift; path = AppProxyProvider.swift; sourceTree = "<group>"; };
		AA90F01522BC6FFD007B34D9 /* PacketTunnel.appex */ = {isa = PBXFileReference; explicitFileType = "wrapper.app-extension"; includeInIndex = 0; path = PacketTunnel.appex; sourceTree = BUILT_PRODUCTS_DIR; };
		AA90F01722BC6FFD007B34D9 /* PacketTunnelProvider.swift */ = {isa = PBXFileReference; lastKnownFileType = sourcecode.swift; path = PacketTunnelProvider.swift; sourceTree = "<group>"; };
		AA90F01922BC6FFD007B34D9 /* Info.plist */ = {isa = PBXFileReference; lastKnownFileType = text.plist.xml; path = Info.plist; sourceTree = "<group>"; };
		AA90F01A22BC6FFD007B34D9 /* PacketTunnel.entitlements */ = {isa = PBXFileReference; lastKnownFileType = text.plist.entitlements; path = PacketTunnel.entitlements; sourceTree = "<group>"; };
		AABE82F322BA06F1008210A1 /* XVPN.app */ = {isa = PBXFileReference; explicitFileType = wrapper.application; includeInIndex = 0; path = XVPN.app; sourceTree = BUILT_PRODUCTS_DIR; };
		AABE82F622BA06F1008210A1 /* AppDelegate.swift */ = {isa = PBXFileReference; lastKnownFileType = sourcecode.swift; path = AppDelegate.swift; sourceTree = "<group>"; };
		AABE82F822BA06F1008210A1 /* ViewController.swift */ = {isa = PBXFileReference; lastKnownFileType = sourcecode.swift; path = ViewController.swift; sourceTree = "<group>"; };
		AABE82FB22BA06F1008210A1 /* Base */ = {isa = PBXFileReference; lastKnownFileType = file.storyboard; name = Base; path = Base.lproj/Main.storyboard; sourceTree = "<group>"; };
		AABE82FD22BA06F2008210A1 /* Assets.xcassets */ = {isa = PBXFileReference; lastKnownFileType = folder.assetcatalog; path = Assets.xcassets; sourceTree = "<group>"; };
		AABE830022BA06F2008210A1 /* Base */ = {isa = PBXFileReference; lastKnownFileType = file.storyboard; name = Base; path = Base.lproj/LaunchScreen.storyboard; sourceTree = "<group>"; };
		AABE830222BA06F2008210A1 /* Info.plist */ = {isa = PBXFileReference; lastKnownFileType = text.plist.xml; path = Info.plist; sourceTree = "<group>"; };
		AABE830722BA06F2008210A1 /* XVPNTests.xctest */ = {isa = PBXFileReference; explicitFileType = wrapper.cfbundle; includeInIndex = 0; path = XVPNTests.xctest; sourceTree = BUILT_PRODUCTS_DIR; };
		AABE830B22BA06F2008210A1 /* XVPNTests.swift */ = {isa = PBXFileReference; lastKnownFileType = sourcecode.swift; path = XVPNTests.swift; sourceTree = "<group>"; };
		AABE830D22BA06F2008210A1 /* Info.plist */ = {isa = PBXFileReference; lastKnownFileType = text.plist.xml; path = Info.plist; sourceTree = "<group>"; };
		AABE831222BA06F2008210A1 /* XVPNUITests.xctest */ = {isa = PBXFileReference; explicitFileType = wrapper.cfbundle; includeInIndex = 0; path = XVPNUITests.xctest; sourceTree = BUILT_PRODUCTS_DIR; };
		AABE831622BA06F2008210A1 /* XVPNUITests.swift */ = {isa = PBXFileReference; lastKnownFileType = sourcecode.swift; path = XVPNUITests.swift; sourceTree = "<group>"; };
		AABE831822BA06F2008210A1 /* Info.plist */ = {isa = PBXFileReference; lastKnownFileType = text.plist.xml; path = Info.plist; sourceTree = "<group>"; };
		AABE832422BA0710008210A1 /* XVPN.entitlements */ = {isa = PBXFileReference; lastKnownFileType = text.plist.entitlements; path = XVPN.entitlements; sourceTree = "<group>"; };
		AAEB911622BF7C0700583435 /* NetworkExtension.framework */ = {isa = PBXFileReference; lastKnownFileType = wrapper.framework; name = NetworkExtension.framework; path = System/Library/Frameworks/NetworkExtension.framework; sourceTree = SDKROOT; };
		B9D3C9DA460613271A9364FB /* Pods-XVPNUITests.debug.xcconfig */ = {isa = PBXFileReference; includeInIndex = 1; lastKnownFileType = text.xcconfig; name = "Pods-XVPNUITests.debug.xcconfig"; path = "Target Support Files/Pods-XVPNUITests/Pods-XVPNUITests.debug.xcconfig"; sourceTree = "<group>"; };
		D82F30138E20FA73123DCB90 /* Pods-XVPNTests.release.xcconfig */ = {isa = PBXFileReference; includeInIndex = 1; lastKnownFileType = text.xcconfig; name = "Pods-XVPNTests.release.xcconfig"; path = "Target Support Files/Pods-XVPNTests/Pods-XVPNTests.release.xcconfig"; sourceTree = "<group>"; };
		D8CA29B3A336183578043F8A /* Pods_XVPNTests.framework */ = {isa = PBXFileReference; explicitFileType = wrapper.framework; includeInIndex = 0; path = Pods_XVPNTests.framework; sourceTree = BUILT_PRODUCTS_DIR; };
		EFFA37A32A6E6A78CB9FD7D2 /* Pods-PacketTunnel.release.xcconfig */ = {isa = PBXFileReference; includeInIndex = 1; lastKnownFileType = text.xcconfig; name = "Pods-PacketTunnel.release.xcconfig"; path = "Target Support Files/Pods-PacketTunnel/Pods-PacketTunnel.release.xcconfig"; sourceTree = "<group>"; };
		FECF4E004FF0DBD09006DC42 /* Pods-XVPN.release.xcconfig */ = {isa = PBXFileReference; includeInIndex = 1; lastKnownFileType = text.xcconfig; name = "Pods-XVPN.release.xcconfig"; path = "Target Support Files/Pods-XVPN/Pods-XVPN.release.xcconfig"; sourceTree = "<group>"; };
/* End PBXFileReference section */

/* Begin PBXFrameworksBuildPhase section */
		AA90F01222BC6FFD007B34D9 /* Frameworks */ = {
			isa = PBXFrameworksBuildPhase;
			buildActionMask = 2147483647;
			files = (
				AAEB911722BF7C0700583435 /* NetworkExtension.framework in Frameworks */,
				078D1ADFAF0DC4BBBD4011AA /* Pods_PacketTunnel.framework in Frameworks */,
			);
			runOnlyForDeploymentPostprocessing = 0;
		};
		AABE82F022BA06F1008210A1 /* Frameworks */ = {
			isa = PBXFrameworksBuildPhase;
			buildActionMask = 2147483647;
			files = (
				AAEB911822BF7CFF00583435 /* NetworkExtension.framework in Frameworks */,
				B454F2DB2E2F98AD6B11626B /* Pods_XVPN.framework in Frameworks */,
			);
			runOnlyForDeploymentPostprocessing = 0;
		};
		AABE830422BA06F2008210A1 /* Frameworks */ = {
			isa = PBXFrameworksBuildPhase;
			buildActionMask = 2147483647;
			files = (
				AB149728A0DE2FE9DDDB98E6 /* Pods_XVPNTests.framework in Frameworks */,
			);
			runOnlyForDeploymentPostprocessing = 0;
		};
		AABE830F22BA06F2008210A1 /* Frameworks */ = {
			isa = PBXFrameworksBuildPhase;
			buildActionMask = 2147483647;
			files = (
				056262C0D082277771A3301B /* Pods_XVPNUITests.framework in Frameworks */,
			);
			runOnlyForDeploymentPostprocessing = 0;
		};
/* End PBXFrameworksBuildPhase section */

/* Begin PBXGroup section */
		439C0E66CC5044988D572437 /* Pods */ = {
			isa = PBXGroup;
			children = (
				7EB3D621F6398444FEB5DBCF /* Pods-PacketTunnel.debug.xcconfig */,
				EFFA37A32A6E6A78CB9FD7D2 /* Pods-PacketTunnel.release.xcconfig */,
				6457D341FCF0890F2E722E7A /* Pods-XVPN.debug.xcconfig */,
				FECF4E004FF0DBD09006DC42 /* Pods-XVPN.release.xcconfig */,
				1015B276422B19842400045A /* Pods-XVPNTests.debug.xcconfig */,
				D82F30138E20FA73123DCB90 /* Pods-XVPNTests.release.xcconfig */,
				B9D3C9DA460613271A9364FB /* Pods-XVPNUITests.debug.xcconfig */,
				2A5B66D8DDB2FA54ED4DBD6B /* Pods-XVPNUITests.release.xcconfig */,
			);
			path = Pods;
			sourceTree = "<group>";
		};
		AA90F01622BC6FFD007B34D9 /* PacketTunnel */ = {
			isa = PBXGroup;
			children = (
				AA90F01722BC6FFD007B34D9 /* PacketTunnelProvider.swift */,
				AA0CA29A242B7ABA00D14612 /* PacketTunnelProvider+UDP.swift */,
				AA35F0792311084A0031EA2F /* AppProxyProvider.swift */,
				A24F099F2307A51E00BD078B /* Proveder+Config.swift */,
				AA90F01922BC6FFD007B34D9 /* Info.plist */,
				AA90F01A22BC6FFD007B34D9 /* PacketTunnel.entitlements */,
			);
			path = PacketTunnel;
			sourceTree = "<group>";
		};
		AABE82EA22BA06F1008210A1 = {
			isa = PBXGroup;
			children = (
				AABE82F522BA06F1008210A1 /* XVPN */,
				AABE830A22BA06F2008210A1 /* XVPNTests */,
				AABE831522BA06F2008210A1 /* XVPNUITests */,
				AA90F01622BC6FFD007B34D9 /* PacketTunnel */,
				AABE82F422BA06F1008210A1 /* Products */,
				AABE832522BA0710008210A1 /* Frameworks */,
				439C0E66CC5044988D572437 /* Pods */,
			);
			sourceTree = "<group>";
		};
		AABE82F422BA06F1008210A1 /* Products */ = {
			isa = PBXGroup;
			children = (
				AABE82F322BA06F1008210A1 /* XVPN.app */,
				AABE830722BA06F2008210A1 /* XVPNTests.xctest */,
				AABE831222BA06F2008210A1 /* XVPNUITests.xctest */,
				AA90F01522BC6FFD007B34D9 /* PacketTunnel.appex */,
			);
			name = Products;
			sourceTree = "<group>";
		};
		AABE82F522BA06F1008210A1 /* XVPN */ = {
			isa = PBXGroup;
			children = (
				AABE832422BA0710008210A1 /* XVPN.entitlements */,
				AABE82F622BA06F1008210A1 /* AppDelegate.swift */,
				AABE82F822BA06F1008210A1 /* ViewController.swift */,
				AABE82FA22BA06F1008210A1 /* Main.storyboard */,
				AABE82FD22BA06F2008210A1 /* Assets.xcassets */,
				AABE82FF22BA06F2008210A1 /* LaunchScreen.storyboard */,
				AABE830222BA06F2008210A1 /* Info.plist */,
			);
			path = XVPN;
			sourceTree = "<group>";
		};
		AABE830A22BA06F2008210A1 /* XVPNTests */ = {
			isa = PBXGroup;
			children = (
				AABE830B22BA06F2008210A1 /* XVPNTests.swift */,
				AABE830D22BA06F2008210A1 /* Info.plist */,
			);
			path = XVPNTests;
			sourceTree = "<group>";
		};
		AABE831522BA06F2008210A1 /* XVPNUITests */ = {
			isa = PBXGroup;
			children = (
				AABE831622BA06F2008210A1 /* XVPNUITests.swift */,
				AABE831822BA06F2008210A1 /* Info.plist */,
			);
			path = XVPNUITests;
			sourceTree = "<group>";
		};
		AABE832522BA0710008210A1 /* Frameworks */ = {
			isa = PBXGroup;
			children = (
				AAEB911622BF7C0700583435 /* NetworkExtension.framework */,
				0436F9DA6D3740A2C3A3A6CB /* Pods_PacketTunnel.framework */,
				69D237B6C9CD724A0D2D4D14 /* Pods_XVPN.framework */,
				D8CA29B3A336183578043F8A /* Pods_XVPNTests.framework */,
				2D5C31CA5695912F95FAB881 /* Pods_XVPNUITests.framework */,
			);
			name = Frameworks;
			sourceTree = "<group>";
		};
/* End PBXGroup section */

/* Begin PBXNativeTarget section */
		AA90F01422BC6FFD007B34D9 /* PacketTunnel */ = {
			isa = PBXNativeTarget;
			buildConfigurationList = AA90F01E22BC6FFD007B34D9 /* Build configuration list for PBXNativeTarget "PacketTunnel" */;
			buildPhases = (
				E0C571D1846BBCAC396CAAAB /* [CP] Check Pods Manifest.lock */,
				AA90F01122BC6FFD007B34D9 /* Sources */,
				AA90F01222BC6FFD007B34D9 /* Frameworks */,
				AA90F01322BC6FFD007B34D9 /* Resources */,
			);
			buildRules = (
			);
			dependencies = (
			);
			name = PacketTunnel;
			productName = PacketTunnel;
			productReference = AA90F01522BC6FFD007B34D9 /* PacketTunnel.appex */;
			productType = "com.apple.product-type.app-extension";
		};
		AABE82F222BA06F1008210A1 /* XVPN */ = {
			isa = PBXNativeTarget;
			buildConfigurationList = AABE831B22BA06F2008210A1 /* Build configuration list for PBXNativeTarget "XVPN" */;
			buildPhases = (
				6CB244E81284022C2DD9A751 /* [CP] Check Pods Manifest.lock */,
				AABE82EF22BA06F1008210A1 /* Sources */,
				AABE82F022BA06F1008210A1 /* Frameworks */,
				AABE82F122BA06F1008210A1 /* Resources */,
				AABE833B22BA7314008210A1 /* Embed App Extensions */,
				CDFDB464FBDC1ABDADEA3CC0 /* [CP] Embed Pods Frameworks */,
			);
			buildRules = (
			);
			dependencies = (
				AA90F01C22BC6FFD007B34D9 /* PBXTargetDependency */,
			);
			name = XVPN;
			productName = XVPN;
			productReference = AABE82F322BA06F1008210A1 /* XVPN.app */;
			productType = "com.apple.product-type.application";
		};
		AABE830622BA06F2008210A1 /* XVPNTests */ = {
			isa = PBXNativeTarget;
			buildConfigurationList = AABE831E22BA06F2008210A1 /* Build configuration list for PBXNativeTarget "XVPNTests" */;
			buildPhases = (
				D8898E0B62FB836FFD6D5362 /* [CP] Check Pods Manifest.lock */,
				AABE830322BA06F2008210A1 /* Sources */,
				AABE830422BA06F2008210A1 /* Frameworks */,
				AABE830522BA06F2008210A1 /* Resources */,
			);
			buildRules = (
			);
			dependencies = (
				AABE830922BA06F2008210A1 /* PBXTargetDependency */,
			);
			name = XVPNTests;
			productName = XVPNTests;
			productReference = AABE830722BA06F2008210A1 /* XVPNTests.xctest */;
			productType = "com.apple.product-type.bundle.unit-test";
		};
		AABE831122BA06F2008210A1 /* XVPNUITests */ = {
			isa = PBXNativeTarget;
			buildConfigurationList = AABE832122BA06F2008210A1 /* Build configuration list for PBXNativeTarget "XVPNUITests" */;
			buildPhases = (
				741842331400B4B623627729 /* [CP] Check Pods Manifest.lock */,
				AABE830E22BA06F2008210A1 /* Sources */,
				AABE830F22BA06F2008210A1 /* Frameworks */,
				AABE831022BA06F2008210A1 /* Resources */,
			);
			buildRules = (
			);
			dependencies = (
				AABE831422BA06F2008210A1 /* PBXTargetDependency */,
			);
			name = XVPNUITests;
			productName = XVPNUITests;
			productReference = AABE831222BA06F2008210A1 /* XVPNUITests.xctest */;
			productType = "com.apple.product-type.bundle.ui-testing";
		};
/* End PBXNativeTarget section */

/* Begin PBXProject section */
		AABE82EB22BA06F1008210A1 /* Project object */ = {
			isa = PBXProject;
			attributes = {
				LastSwiftUpdateCheck = 1020;
				LastUpgradeCheck = 1020;
				ORGANIZATIONNAME = xizi;
				TargetAttributes = {
					AA90F01422BC6FFD007B34D9 = {
						CreatedOnToolsVersion = 10.2.1;
						SystemCapabilities = {
							com.apple.NetworkExtensions.iOS = {
								enabled = 1;
							};
							com.apple.VPNLite = {
								enabled = 1;
							};
						};
					};
					AABE82F222BA06F1008210A1 = {
						CreatedOnToolsVersion = 10.2.1;
						SystemCapabilities = {
							com.apple.ApplicationGroups.iOS = {
								enabled = 1;
							};
							com.apple.NetworkExtensions.iOS = {
								enabled = 1;
							};
							com.apple.VPNLite = {
								enabled = 1;
							};
						};
					};
					AABE830622BA06F2008210A1 = {
						CreatedOnToolsVersion = 10.2.1;
						TestTargetID = AABE82F222BA06F1008210A1;
					};
					AABE831122BA06F2008210A1 = {
						CreatedOnToolsVersion = 10.2.1;
						TestTargetID = AABE82F222BA06F1008210A1;
					};
				};
			};
			buildConfigurationList = AABE82EE22BA06F1008210A1 /* Build configuration list for PBXProject "XVPN" */;
			compatibilityVersion = "Xcode 9.3";
			developmentRegion = en;
			hasScannedForEncodings = 0;
			knownRegions = (
				en,
				Base,
			);
			mainGroup = AABE82EA22BA06F1008210A1;
			productRefGroup = AABE82F422BA06F1008210A1 /* Products */;
			projectDirPath = "";
			projectRoot = "";
			targets = (
				AABE82F222BA06F1008210A1 /* XVPN */,
				AABE830622BA06F2008210A1 /* XVPNTests */,
				AABE831122BA06F2008210A1 /* XVPNUITests */,
				AA90F01422BC6FFD007B34D9 /* PacketTunnel */,
			);
		};
/* End PBXProject section */

/* Begin PBXResourcesBuildPhase section */
		AA90F01322BC6FFD007B34D9 /* Resources */ = {
			isa = PBXResourcesBuildPhase;
			buildActionMask = 2147483647;
			files = (
			);
			runOnlyForDeploymentPostprocessing = 0;
		};
		AABE82F122BA06F1008210A1 /* Resources */ = {
			isa = PBXResourcesBuildPhase;
			buildActionMask = 2147483647;
			files = (
				AABE830122BA06F2008210A1 /* LaunchScreen.storyboard in Resources */,
				AABE82FE22BA06F2008210A1 /* Assets.xcassets in Resources */,
				AABE82FC22BA06F1008210A1 /* Main.storyboard in Resources */,
			);
			runOnlyForDeploymentPostprocessing = 0;
		};
		AABE830522BA06F2008210A1 /* Resources */ = {
			isa = PBXResourcesBuildPhase;
			buildActionMask = 2147483647;
			files = (
			);
			runOnlyForDeploymentPostprocessing = 0;
		};
		AABE831022BA06F2008210A1 /* Resources */ = {
			isa = PBXResourcesBuildPhase;
			buildActionMask = 2147483647;
			files = (
			);
			runOnlyForDeploymentPostprocessing = 0;
		};
/* End PBXResourcesBuildPhase section */

/* Begin PBXShellScriptBuildPhase section */
		6CB244E81284022C2DD9A751 /* [CP] Check Pods Manifest.lock */ = {
			isa = PBXShellScriptBuildPhase;
			buildActionMask = 2147483647;
			files = (
			);
			inputFileListPaths = (
			);
			inputPaths = (
				"${PODS_PODFILE_DIR_PATH}/Podfile.lock",
				"${PODS_ROOT}/Manifest.lock",
			);
			name = "[CP] Check Pods Manifest.lock";
			outputFileListPaths = (
			);
			outputPaths = (
				"$(DERIVED_FILE_DIR)/Pods-XVPN-checkManifestLockResult.txt",
			);
			runOnlyForDeploymentPostprocessing = 0;
			shellPath = /bin/sh;
			shellScript = "diff \"${PODS_PODFILE_DIR_PATH}/Podfile.lock\" \"${PODS_ROOT}/Manifest.lock\" > /dev/null\nif [ $? != 0 ] ; then\n    # print error to STDERR\n    echo \"error: The sandbox is not in sync with the Podfile.lock. Run 'pod install' or update your CocoaPods installation.\" >&2\n    exit 1\nfi\n# This output is used by Xcode 'outputs' to avoid re-running this script phase.\necho \"SUCCESS\" > \"${SCRIPT_OUTPUT_FILE_0}\"\n";
			showEnvVarsInLog = 0;
		};
		741842331400B4B623627729 /* [CP] Check Pods Manifest.lock */ = {
			isa = PBXShellScriptBuildPhase;
			buildActionMask = 2147483647;
			files = (
			);
			inputFileListPaths = (
			);
			inputPaths = (
				"${PODS_PODFILE_DIR_PATH}/Podfile.lock",
				"${PODS_ROOT}/Manifest.lock",
			);
			name = "[CP] Check Pods Manifest.lock";
			outputFileListPaths = (
			);
			outputPaths = (
				"$(DERIVED_FILE_DIR)/Pods-XVPNUITests-checkManifestLockResult.txt",
			);
			runOnlyForDeploymentPostprocessing = 0;
			shellPath = /bin/sh;
			shellScript = "diff \"${PODS_PODFILE_DIR_PATH}/Podfile.lock\" \"${PODS_ROOT}/Manifest.lock\" > /dev/null\nif [ $? != 0 ] ; then\n    # print error to STDERR\n    echo \"error: The sandbox is not in sync with the Podfile.lock. Run 'pod install' or update your CocoaPods installation.\" >&2\n    exit 1\nfi\n# This output is used by Xcode 'outputs' to avoid re-running this script phase.\necho \"SUCCESS\" > \"${SCRIPT_OUTPUT_FILE_0}\"\n";
			showEnvVarsInLog = 0;
		};
		CDFDB464FBDC1ABDADEA3CC0 /* [CP] Embed Pods Frameworks */ = {
			isa = PBXShellScriptBuildPhase;
			buildActionMask = 2147483647;
			files = (
			);
			inputFileListPaths = (
				"${PODS_ROOT}/Target Support Files/Pods-XVPN/Pods-XVPN-frameworks-${CONFIGURATION}-input-files.xcfilelist",
			);
			name = "[CP] Embed Pods Frameworks";
			outputFileListPaths = (
				"${PODS_ROOT}/Target Support Files/Pods-XVPN/Pods-XVPN-frameworks-${CONFIGURATION}-output-files.xcfilelist",
			);
			runOnlyForDeploymentPostprocessing = 0;
			shellPath = /bin/sh;
			shellScript = "\"${PODS_ROOT}/Target Support Files/Pods-XVPN/Pods-XVPN-frameworks.sh\"\n";
			showEnvVarsInLog = 0;
		};
		D8898E0B62FB836FFD6D5362 /* [CP] Check Pods Manifest.lock */ = {
			isa = PBXShellScriptBuildPhase;
			buildActionMask = 2147483647;
			files = (
			);
			inputFileListPaths = (
			);
			inputPaths = (
				"${PODS_PODFILE_DIR_PATH}/Podfile.lock",
				"${PODS_ROOT}/Manifest.lock",
			);
			name = "[CP] Check Pods Manifest.lock";
			outputFileListPaths = (
			);
			outputPaths = (
				"$(DERIVED_FILE_DIR)/Pods-XVPNTests-checkManifestLockResult.txt",
			);
			runOnlyForDeploymentPostprocessing = 0;
			shellPath = /bin/sh;
			shellScript = "diff \"${PODS_PODFILE_DIR_PATH}/Podfile.lock\" \"${PODS_ROOT}/Manifest.lock\" > /dev/null\nif [ $? != 0 ] ; then\n    # print error to STDERR\n    echo \"error: The sandbox is not in sync with the Podfile.lock. Run 'pod install' or update your CocoaPods installation.\" >&2\n    exit 1\nfi\n# This output is used by Xcode 'outputs' to avoid re-running this script phase.\necho \"SUCCESS\" > \"${SCRIPT_OUTPUT_FILE_0}\"\n";
			showEnvVarsInLog = 0;
		};
		E0C571D1846BBCAC396CAAAB /* [CP] Check Pods Manifest.lock */ = {
			isa = PBXShellScriptBuildPhase;
			buildActionMask = 2147483647;
			files = (
			);
			inputFileListPaths = (
			);
			inputPaths = (
				"${PODS_PODFILE_DIR_PATH}/Podfile.lock",
				"${PODS_ROOT}/Manifest.lock",
			);
			name = "[CP] Check Pods Manifest.lock";
			outputFileListPaths = (
			);
			outputPaths = (
				"$(DERIVED_FILE_DIR)/Pods-PacketTunnel-checkManifestLockResult.txt",
			);
			runOnlyForDeploymentPostprocessing = 0;
			shellPath = /bin/sh;
			shellScript = "diff \"${PODS_PODFILE_DIR_PATH}/Podfile.lock\" \"${PODS_ROOT}/Manifest.lock\" > /dev/null\nif [ $? != 0 ] ; then\n    # print error to STDERR\n    echo \"error: The sandbox is not in sync with the Podfile.lock. Run 'pod install' or update your CocoaPods installation.\" >&2\n    exit 1\nfi\n# This output is used by Xcode 'outputs' to avoid re-running this script phase.\necho \"SUCCESS\" > \"${SCRIPT_OUTPUT_FILE_0}\"\n";
			showEnvVarsInLog = 0;
		};
/* End PBXShellScriptBuildPhase section */

/* Begin PBXSourcesBuildPhase section */
		AA90F01122BC6FFD007B34D9 /* Sources */ = {
			isa = PBXSourcesBuildPhase;
			buildActionMask = 2147483647;
			files = (
				A24F09A02307A51E00BD078B /* Proveder+Config.swift in Sources */,
				AA35F07A2311084A0031EA2F /* AppProxyProvider.swift in Sources */,
				AA0CA29B242B7ABA00D14612 /* PacketTunnelProvider+UDP.swift in Sources */,
				AA90F01822BC6FFD007B34D9 /* PacketTunnelProvider.swift in Sources */,
			);
			runOnlyForDeploymentPostprocessing = 0;
		};
		AABE82EF22BA06F1008210A1 /* Sources */ = {
			isa = PBXSourcesBuildPhase;
			buildActionMask = 2147483647;
			files = (
				AABE82F922BA06F1008210A1 /* ViewController.swift in Sources */,
				AABE82F722BA06F1008210A1 /* AppDelegate.swift in Sources */,
			);
			runOnlyForDeploymentPostprocessing = 0;
		};
		AABE830322BA06F2008210A1 /* Sources */ = {
			isa = PBXSourcesBuildPhase;
			buildActionMask = 2147483647;
			files = (
				AABE830C22BA06F2008210A1 /* XVPNTests.swift in Sources */,
			);
			runOnlyForDeploymentPostprocessing = 0;
		};
		AABE830E22BA06F2008210A1 /* Sources */ = {
			isa = PBXSourcesBuildPhase;
			buildActionMask = 2147483647;
			files = (
				AABE831722BA06F2008210A1 /* XVPNUITests.swift in Sources */,
			);
			runOnlyForDeploymentPostprocessing = 0;
		};
/* End PBXSourcesBuildPhase section */

/* Begin PBXTargetDependency section */
		AA90F01C22BC6FFD007B34D9 /* PBXTargetDependency */ = {
			isa = PBXTargetDependency;
			target = AA90F01422BC6FFD007B34D9 /* PacketTunnel */;
			targetProxy = AA90F01B22BC6FFD007B34D9 /* PBXContainerItemProxy */;
		};
		AABE830922BA06F2008210A1 /* PBXTargetDependency */ = {
			isa = PBXTargetDependency;
			target = AABE82F222BA06F1008210A1 /* XVPN */;
			targetProxy = AABE830822BA06F2008210A1 /* PBXContainerItemProxy */;
		};
		AABE831422BA06F2008210A1 /* PBXTargetDependency */ = {
			isa = PBXTargetDependency;
			target = AABE82F222BA06F1008210A1 /* XVPN */;
			targetProxy = AABE831322BA06F2008210A1 /* PBXContainerItemProxy */;
		};
/* End PBXTargetDependency section */

/* Begin PBXVariantGroup section */
		AABE82FA22BA06F1008210A1 /* Main.storyboard */ = {
			isa = PBXVariantGroup;
			children = (
				AABE82FB22BA06F1008210A1 /* Base */,
			);
			name = Main.storyboard;
			sourceTree = "<group>";
		};
		AABE82FF22BA06F2008210A1 /* LaunchScreen.storyboard */ = {
			isa = PBXVariantGroup;
			children = (
				AABE830022BA06F2008210A1 /* Base */,
			);
			name = LaunchScreen.storyboard;
			sourceTree = "<group>";
		};
/* End PBXVariantGroup section */

/* Begin XCBuildConfiguration section */
		AA90F01F22BC6FFD007B34D9 /* Debug */ = {
			isa = XCBuildConfiguration;
			baseConfigurationReference = 7EB3D621F6398444FEB5DBCF /* Pods-PacketTunnel.debug.xcconfig */;
			buildSettings = {
				CODE_SIGN_ENTITLEMENTS = PacketTunnel/PacketTunnel.entitlements;
				CODE_SIGN_STYLE = Manual;
				DEVELOPMENT_TEAM = GWG2TQ5XG2;
				INFOPLIST_FILE = PacketTunnel/Info.plist;
				IPHONEOS_DEPLOYMENT_TARGET = 9.0;
				LD_RUNPATH_SEARCH_PATHS = (
					"$(inherited)",
					"@executable_path/Frameworks",
					"@executable_path/../../Frameworks",
				);
				PRODUCT_BUNDLE_IDENTIFIER = com.f4.flash.ne;
				PRODUCT_NAME = "$(TARGET_NAME)";
				PROVISIONING_PROFILE_SPECIFIER = "flash ne";
				SKIP_INSTALL = YES;
				SWIFT_VERSION = 5.0;
				TARGETED_DEVICE_FAMILY = "1,2";
			};
			name = Debug;
		};
		AA90F02022BC6FFD007B34D9 /* Release */ = {
			isa = XCBuildConfiguration;
			baseConfigurationReference = EFFA37A32A6E6A78CB9FD7D2 /* Pods-PacketTunnel.release.xcconfig */;
			buildSettings = {
				CODE_SIGN_ENTITLEMENTS = PacketTunnel/PacketTunnel.entitlements;
				CODE_SIGN_STYLE = Manual;
				DEVELOPMENT_TEAM = GWG2TQ5XG2;
				INFOPLIST_FILE = PacketTunnel/Info.plist;
				IPHONEOS_DEPLOYMENT_TARGET = 9.0;
				LD_RUNPATH_SEARCH_PATHS = (
					"$(inherited)",
					"@executable_path/Frameworks",
					"@executable_path/../../Frameworks",
				);
				PRODUCT_BUNDLE_IDENTIFIER = com.f4.flash.ne;
				PRODUCT_NAME = "$(TARGET_NAME)";
				PROVISIONING_PROFILE_SPECIFIER = "flash ne";
				SKIP_INSTALL = YES;
				SWIFT_VERSION = 5.0;
				TARGETED_DEVICE_FAMILY = "1,2";
			};
			name = Release;
		};
		AABE831922BA06F2008210A1 /* Debug */ = {
			isa = XCBuildConfiguration;
			buildSettings = {
				ALWAYS_EMBED_SWIFT_STANDARD_LIBRARIES = "$(inherited)";
				ALWAYS_SEARCH_USER_PATHS = NO;
				CLANG_ANALYZER_NONNULL = YES;
				CLANG_ANALYZER_NUMBER_OBJECT_CONVERSION = YES_AGGRESSIVE;
				CLANG_CXX_LANGUAGE_STANDARD = "gnu++14";
				CLANG_CXX_LIBRARY = "libc++";
				CLANG_ENABLE_MODULES = YES;
				CLANG_ENABLE_OBJC_ARC = YES;
				CLANG_ENABLE_OBJC_WEAK = YES;
				CLANG_WARN_BLOCK_CAPTURE_AUTORELEASING = YES;
				CLANG_WARN_BOOL_CONVERSION = YES;
				CLANG_WARN_COMMA = YES;
				CLANG_WARN_CONSTANT_CONVERSION = YES;
				CLANG_WARN_DEPRECATED_OBJC_IMPLEMENTATIONS = YES;
				CLANG_WARN_DIRECT_OBJC_ISA_USAGE = YES_ERROR;
				CLANG_WARN_DOCUMENTATION_COMMENTS = YES;
				CLANG_WARN_EMPTY_BODY = YES;
				CLANG_WARN_ENUM_CONVERSION = YES;
				CLANG_WARN_INFINITE_RECURSION = YES;
				CLANG_WARN_INT_CONVERSION = YES;
				CLANG_WARN_NON_LITERAL_NULL_CONVERSION = YES;
				CLANG_WARN_OBJC_IMPLICIT_RETAIN_SELF = YES;
				CLANG_WARN_OBJC_LITERAL_CONVERSION = YES;
				CLANG_WARN_OBJC_ROOT_CLASS = YES_ERROR;
				CLANG_WARN_RANGE_LOOP_ANALYSIS = YES;
				CLANG_WARN_STRICT_PROTOTYPES = YES;
				CLANG_WARN_SUSPICIOUS_MOVE = YES;
				CLANG_WARN_UNGUARDED_AVAILABILITY = YES_AGGRESSIVE;
				CLANG_WARN_UNREACHABLE_CODE = YES;
				CLANG_WARN__DUPLICATE_METHOD_MATCH = YES;
				CODE_SIGN_IDENTITY = "iPhone Developer";
				COPY_PHASE_STRIP = NO;
				DEBUG_INFORMATION_FORMAT = dwarf;
				ENABLE_STRICT_OBJC_MSGSEND = YES;
				ENABLE_TESTABILITY = YES;
				GCC_C_LANGUAGE_STANDARD = gnu11;
				GCC_DYNAMIC_NO_PIC = NO;
				GCC_NO_COMMON_BLOCKS = YES;
				GCC_OPTIMIZATION_LEVEL = 0;
				GCC_PREPROCESSOR_DEFINITIONS = (
					"DEBUG=1",
					"$(inherited)",
				);
				GCC_WARN_64_TO_32_BIT_CONVERSION = YES;
				GCC_WARN_ABOUT_RETURN_TYPE = YES_ERROR;
				GCC_WARN_UNDECLARED_SELECTOR = YES;
				GCC_WARN_UNINITIALIZED_AUTOS = YES_AGGRESSIVE;
				GCC_WARN_UNUSED_FUNCTION = YES;
				GCC_WARN_UNUSED_VARIABLE = YES;
				IPHONEOS_DEPLOYMENT_TARGET = 12.2;
				MTL_ENABLE_DEBUG_INFO = INCLUDE_SOURCE;
				MTL_FAST_MATH = YES;
				ONLY_ACTIVE_ARCH = YES;
				SDKROOT = iphoneos;
				SWIFT_ACTIVE_COMPILATION_CONDITIONS = DEBUG;
				SWIFT_OPTIMIZATION_LEVEL = "-Onone";
			};
			name = Debug;
		};
		AABE831A22BA06F2008210A1 /* Release */ = {
			isa = XCBuildConfiguration;
			buildSettings = {
				ALWAYS_EMBED_SWIFT_STANDARD_LIBRARIES = "$(inherited)";
				ALWAYS_SEARCH_USER_PATHS = NO;
				CLANG_ANALYZER_NONNULL = YES;
				CLANG_ANALYZER_NUMBER_OBJECT_CONVERSION = YES_AGGRESSIVE;
				CLANG_CXX_LANGUAGE_STANDARD = "gnu++14";
				CLANG_CXX_LIBRARY = "libc++";
				CLANG_ENABLE_MODULES = YES;
				CLANG_ENABLE_OBJC_ARC = YES;
				CLANG_ENABLE_OBJC_WEAK = YES;
				CLANG_WARN_BLOCK_CAPTURE_AUTORELEASING = YES;
				CLANG_WARN_BOOL_CONVERSION = YES;
				CLANG_WARN_COMMA = YES;
				CLANG_WARN_CONSTANT_CONVERSION = YES;
				CLANG_WARN_DEPRECATED_OBJC_IMPLEMENTATIONS = YES;
				CLANG_WARN_DIRECT_OBJC_ISA_USAGE = YES_ERROR;
				CLANG_WARN_DOCUMENTATION_COMMENTS = YES;
				CLANG_WARN_EMPTY_BODY = YES;
				CLANG_WARN_ENUM_CONVERSION = YES;
				CLANG_WARN_INFINITE_RECURSION = YES;
				CLANG_WARN_INT_CONVERSION = YES;
				CLANG_WARN_NON_LITERAL_NULL_CONVERSION = YES;
				CLANG_WARN_OBJC_IMPLICIT_RETAIN_SELF = YES;
				CLANG_WARN_OBJC_LITERAL_CONVERSION = YES;
				CLANG_WARN_OBJC_ROOT_CLASS = YES_ERROR;
				CLANG_WARN_RANGE_LOOP_ANALYSIS = YES;
				CLANG_WARN_STRICT_PROTOTYPES = YES;
				CLANG_WARN_SUSPICIOUS_MOVE = YES;
				CLANG_WARN_UNGUARDED_AVAILABILITY = YES_AGGRESSIVE;
				CLANG_WARN_UNREACHABLE_CODE = YES;
				CLANG_WARN__DUPLICATE_METHOD_MATCH = YES;
				CODE_SIGN_IDENTITY = "iPhone Developer";
				COPY_PHASE_STRIP = NO;
				DEBUG_INFORMATION_FORMAT = "dwarf-with-dsym";
				ENABLE_NS_ASSERTIONS = NO;
				ENABLE_STRICT_OBJC_MSGSEND = YES;
				GCC_C_LANGUAGE_STANDARD = gnu11;
				GCC_NO_COMMON_BLOCKS = YES;
				GCC_WARN_64_TO_32_BIT_CONVERSION = YES;
				GCC_WARN_ABOUT_RETURN_TYPE = YES_ERROR;
				GCC_WARN_UNDECLARED_SELECTOR = YES;
				GCC_WARN_UNINITIALIZED_AUTOS = YES_AGGRESSIVE;
				GCC_WARN_UNUSED_FUNCTION = YES;
				GCC_WARN_UNUSED_VARIABLE = YES;
				IPHONEOS_DEPLOYMENT_TARGET = 12.2;
				MTL_ENABLE_DEBUG_INFO = NO;
				MTL_FAST_MATH = YES;
				SDKROOT = iphoneos;
				SWIFT_COMPILATION_MODE = wholemodule;
				SWIFT_OPTIMIZATION_LEVEL = "-O";
				VALIDATE_PRODUCT = YES;
			};
			name = Release;
		};
		AABE831C22BA06F2008210A1 /* Debug */ = {
			isa = XCBuildConfiguration;
			baseConfigurationReference = 6457D341FCF0890F2E722E7A /* Pods-XVPN.debug.xcconfig */;
			buildSettings = {
				ALWAYS_EMBED_SWIFT_STANDARD_LIBRARIES = "$(inherited)";
				ASSETCATALOG_COMPILER_APPICON_NAME = AppIcon;
				CODE_SIGN_ENTITLEMENTS = XVPN/XVPN.entitlements;
				CODE_SIGN_IDENTITY = "iPhone Developer";
				CODE_SIGN_STYLE = Manual;
				DEVELOPMENT_TEAM = GWG2TQ5XG2;
				INFOPLIST_FILE = XVPN/Info.plist;
				IPHONEOS_DEPLOYMENT_TARGET = 9.0;
				LD_RUNPATH_SEARCH_PATHS = (
					"$(inherited)",
					"@executable_path/Frameworks",
				);
				PRODUCT_BUNDLE_IDENTIFIER = com.f4.flash;
				PRODUCT_NAME = "$(TARGET_NAME)";
				PROVISIONING_PROFILE_SPECIFIER = "the flash";
				SWIFT_VERSION = 5.0;
				TARGETED_DEVICE_FAMILY = 1;
			};
			name = Debug;
		};
		AABE831D22BA06F2008210A1 /* Release */ = {
			isa = XCBuildConfiguration;
			baseConfigurationReference = FECF4E004FF0DBD09006DC42 /* Pods-XVPN.release.xcconfig */;
			buildSettings = {
				ALWAYS_EMBED_SWIFT_STANDARD_LIBRARIES = "$(inherited)";
				ASSETCATALOG_COMPILER_APPICON_NAME = AppIcon;
				CODE_SIGN_ENTITLEMENTS = XVPN/XVPN.entitlements;
				CODE_SIGN_STYLE = Manual;
				DEVELOPMENT_TEAM = GWG2TQ5XG2;
				INFOPLIST_FILE = XVPN/Info.plist;
				IPHONEOS_DEPLOYMENT_TARGET = 9.0;
				LD_RUNPATH_SEARCH_PATHS = (
					"$(inherited)",
					"@executable_path/Frameworks",
				);
				PRODUCT_BUNDLE_IDENTIFIER = com.f4.flash;
				PRODUCT_NAME = "$(TARGET_NAME)";
				PROVISIONING_PROFILE_SPECIFIER = "the flash";
				SWIFT_VERSION = 5.0;
				TARGETED_DEVICE_FAMILY = 1;
			};
			name = Release;
		};
		AABE831F22BA06F2008210A1 /* Debug */ = {
			isa = XCBuildConfiguration;
			baseConfigurationReference = 1015B276422B19842400045A /* Pods-XVPNTests.debug.xcconfig */;
			buildSettings = {
				ALWAYS_EMBED_SWIFT_STANDARD_LIBRARIES = YES;
				BUNDLE_LOADER = "$(TEST_HOST)";
				CODE_SIGN_STYLE = Manual;
				DEVELOPMENT_TEAM = 95923X8WXP;
				INFOPLIST_FILE = XVPNTests/Info.plist;
				IPHONEOS_DEPLOYMENT_TARGET = 10.0;
				LD_RUNPATH_SEARCH_PATHS = (
					"$(inherited)",
					"@executable_path/Frameworks",
					"@loader_path/Frameworks",
				);
				PRODUCT_BUNDLE_IDENTIFIER = com.xizi.XVPNTests;
				PRODUCT_NAME = "$(TARGET_NAME)";
				PROVISIONING_PROFILE_SPECIFIER = "";
				"PROVISIONING_PROFILE_SPECIFIER[sdk=macosx*]" = "";
				SWIFT_VERSION = 5.0;
				TARGETED_DEVICE_FAMILY = "1,2";
				TEST_HOST = "$(BUILT_PRODUCTS_DIR)/XVPN.app/XVPN";
			};
			name = Debug;
		};
		AABE832022BA06F2008210A1 /* Release */ = {
			isa = XCBuildConfiguration;
			baseConfigurationReference = D82F30138E20FA73123DCB90 /* Pods-XVPNTests.release.xcconfig */;
			buildSettings = {
				ALWAYS_EMBED_SWIFT_STANDARD_LIBRARIES = YES;
				BUNDLE_LOADER = "$(TEST_HOST)";
				CODE_SIGN_STYLE = Manual;
				DEVELOPMENT_TEAM = 95923X8WXP;
				INFOPLIST_FILE = XVPNTests/Info.plist;
				IPHONEOS_DEPLOYMENT_TARGET = 10.0;
				LD_RUNPATH_SEARCH_PATHS = (
					"$(inherited)",
					"@executable_path/Frameworks",
					"@loader_path/Frameworks",
				);
				PRODUCT_BUNDLE_IDENTIFIER = com.xizi.XVPNTests;
				PRODUCT_NAME = "$(TARGET_NAME)";
				PROVISIONING_PROFILE_SPECIFIER = "";
				"PROVISIONING_PROFILE_SPECIFIER[sdk=macosx*]" = "";
				SWIFT_VERSION = 5.0;
				TARGETED_DEVICE_FAMILY = "1,2";
				TEST_HOST = "$(BUILT_PRODUCTS_DIR)/XVPN.app/XVPN";
			};
			name = Release;
		};
		AABE832222BA06F2008210A1 /* Debug */ = {
			isa = XCBuildConfiguration;
			baseConfigurationReference = B9D3C9DA460613271A9364FB /* Pods-XVPNUITests.debug.xcconfig */;
			buildSettings = {
				ALWAYS_EMBED_SWIFT_STANDARD_LIBRARIES = YES;
				CODE_SIGN_IDENTITY = "Apple Development";
				"CODE_SIGN_IDENTITY[sdk=macosx*]" = "Apple Development";
				CODE_SIGN_STYLE = Manual;
				DEVELOPMENT_TEAM = "";
				INFOPLIST_FILE = XVPNUITests/Info.plist;
				IPHONEOS_DEPLOYMENT_TARGET = 10.0;
				LD_RUNPATH_SEARCH_PATHS = (
					"$(inherited)",
					"@executable_path/Frameworks",
					"@loader_path/Frameworks",
				);
				PRODUCT_BUNDLE_IDENTIFIER = com.xizi.XVPNUITests;
				PRODUCT_NAME = "$(TARGET_NAME)";
				PROVISIONING_PROFILE_SPECIFIER = "";
				"PROVISIONING_PROFILE_SPECIFIER[sdk=macosx*]" = "";
				SWIFT_VERSION = 5.0;
				TARGETED_DEVICE_FAMILY = "1,2";
				TEST_TARGET_NAME = XVPN;
			};
			name = Debug;
		};
		AABE832322BA06F2008210A1 /* Release */ = {
			isa = XCBuildConfiguration;
			baseConfigurationReference = 2A5B66D8DDB2FA54ED4DBD6B /* Pods-XVPNUITests.release.xcconfig */;
			buildSettings = {
				ALWAYS_EMBED_SWIFT_STANDARD_LIBRARIES = YES;
				CODE_SIGN_IDENTITY = "Apple Development";
				"CODE_SIGN_IDENTITY[sdk=macosx*]" = "Apple Development";
				CODE_SIGN_STYLE = Manual;
				DEVELOPMENT_TEAM = "";
				INFOPLIST_FILE = XVPNUITests/Info.plist;
				IPHONEOS_DEPLOYMENT_TARGET = 10.0;
				LD_RUNPATH_SEARCH_PATHS = (
					"$(inherited)",
					"@executable_path/Frameworks",
					"@loader_path/Frameworks",
				);
				PRODUCT_BUNDLE_IDENTIFIER = com.xizi.XVPNUITests;
				PRODUCT_NAME = "$(TARGET_NAME)";
				PROVISIONING_PROFILE_SPECIFIER = "";
				"PROVISIONING_PROFILE_SPECIFIER[sdk=macosx*]" = "";
				SWIFT_VERSION = 5.0;
				TARGETED_DEVICE_FAMILY = "1,2";
				TEST_TARGET_NAME = XVPN;
			};
			name = Release;
		};
/* End XCBuildConfiguration section */

/* Begin XCConfigurationList section */
		AA90F01E22BC6FFD007B34D9 /* Build configuration list for PBXNativeTarget "PacketTunnel" */ = {
			isa = XCConfigurationList;
			buildConfigurations = (
				AA90F01F22BC6FFD007B34D9 /* Debug */,
				AA90F02022BC6FFD007B34D9 /* Release */,
			);
			defaultConfigurationIsVisible = 0;
			defaultConfigurationName = Release;
		};
		AABE82EE22BA06F1008210A1 /* Build configuration list for PBXProject "XVPN" */ = {
			isa = XCConfigurationList;
			buildConfigurations = (
				AABE831922BA06F2008210A1 /* Debug */,
				AABE831A22BA06F2008210A1 /* Release */,
			);
			defaultConfigurationIsVisible = 0;
			defaultConfigurationName = Release;
		};
		AABE831B22BA06F2008210A1 /* Build configuration list for PBXNativeTarget "XVPN" */ = {
			isa = XCConfigurationList;
			buildConfigurations = (
				AABE831C22BA06F2008210A1 /* Debug */,
				AABE831D22BA06F2008210A1 /* Release */,
			);
			defaultConfigurationIsVisible = 0;
			defaultConfigurationName = Release;
		};
		AABE831E22BA06F2008210A1 /* Build configuration list for PBXNativeTarget "XVPNTests" */ = {
			isa = XCConfigurationList;
			buildConfigurations = (
				AABE831F22BA06F2008210A1 /* Debug */,
				AABE832022BA06F2008210A1 /* Release */,
			);
			defaultConfigurationIsVisible = 0;
			defaultConfigurationName = Release;
		};
		AABE832122BA06F2008210A1 /* Build configuration list for PBXNativeTarget "XVPNUITests" */ = {
			isa = XCConfigurationList;
			buildConfigurations = (
				AABE832222BA06F2008210A1 /* Debug */,
				AABE832322BA06F2008210A1 /* Release */,
			);
			defaultConfigurationIsVisible = 0;
			defaultConfigurationName = Release;
		};
/* End XCConfigurationList section */
	};
	rootObject = AABE82EB22BA06F1008210A1 /* Project object */;
}
